{
  "name": "c",
  "version": "1.0.0",
  "lockfileVersion": 1,
  "requires": true,
  "dependencies": {
    "antlr4": {
      "version": "4.7.2",
      "resolved": "https://registry.npmjs.org/antlr4/-/antlr4-4.7.2.tgz",
      "integrity": "sha512-vZA1xYufXLe3LX+ja9rIVxjRmILb1x3k7KYZHltRbfJtXjJ1DlFIqt+CbPYmghx0EuzY9DajiDw+MdyEt1qAsQ=="
    },
    "printable-characters": {
      "version": "1.0.42",
      "resolved": "https://registry.npmjs.org/printable-characters/-/printable-characters-1.0.42.tgz",
      "integrity": "sha1-Pxjpd6m9jrN/zE/1ZZ176Qhos9g="
    },
    "string.bullet": {
      "version": "1.0.12",
      "resolved": "https://registry.npmjs.org/string.bullet/-/string.bullet-1.0.12.tgz",
      "integrity": "sha1-tB/EF4UKV+QEK/PPNHtu7iV+4lM=",
      "requires": {
        "printable-characters": "^1.0.26"
      }
    },
    "string.ify": {
      "version": "1.0.58",
      "resolved": "https://registry.npmjs.org/string.ify/-/string.ify-1.0.58.tgz",
      "integrity": "sha512-WmwVgmAZxcfjjBeKJKYDYjVc84dpugQErLcQzkgNFYCwyP/zepBiZZsY9ZDdbOVahfDXIM86z6gfvFTHm0iEdw==",
      "requires": {
        "printable-characters": "^1.0.42",
        "string.bullet": "^1.0.12"
      }
    }
  }
}
